# THIS IS AN AUTOGENERATED FILE. DO NOT EDIT THIS FILE DIRECTLY.
# yarn lockfile v1


"@types/prop-types@*":
  version "15.5.5"
  resolved "https://npm.bank.swissquote.ch/repository/npm/@types/prop-types/-/prop-types-15.5.5.tgz#17038dd322c2325f5da650a94d5f9974943625e3"
  dependencies:
    "@types/react" "*"

"@types/react@*", "@types/react@^16.4.6":
  version "16.4.14"
  resolved "https://npm.bank.swissquote.ch/repository/npm/@types/react/-/react-16.4.14.tgz#47c604c8e46ed674bbdf4aabf82b34b9041c6a04"
  dependencies:
    "@types/prop-types" "*"
    csstype "^2.2.0"

"@zeit/schemas@2.1.1":
  version "2.1.1"
  resolved "https://npm.bank.swissquote.ch/repository/npm/@zeit/schemas/-/schemas-2.1.1.tgz#bca9d84df177c85f2d2a7dad37512f384761b23d"

airbnb-prop-types@^2.8.1:
  version "2.11.0"
  resolved "https://npm.bank.swissquote.ch/repository/npm/airbnb-prop-types/-/airbnb-prop-types-2.11.0.tgz#2f4169a17ef86e227924d61f2b77defead1aa5be"
  dependencies:
    array.prototype.find "^2.0.4"
    function.prototype.name "^1.1.0"
    has "^1.0.3"
    is-regex "^1.0.4"
    object-is "^1.0.1"
    object.assign "^4.1.0"
    object.entries "^1.0.4"
    prop-types "^15.6.2"
    prop-types-exact "^1.2.0"

ajv@6.5.3:
  version "6.5.3"
  resolved "https://npm.bank.swissquote.ch/repository/npm/ajv/-/ajv-6.5.3.tgz#71a569d189ecf4f4f321224fecb166f071dd90f9"
  dependencies:
    fast-deep-equal "^2.0.1"
    fast-json-stable-stringify "^2.0.0"
    json-schema-traverse "^0.4.1"
    uri-js "^4.2.2"

ansi-align@^2.0.0:
  version "2.0.0"
  resolved "https://npm.bank.swissquote.ch/repository/npm/ansi-align/-/ansi-align-2.0.0.tgz#c36aeccba563b89ceb556f3690f0b1d9e3547f7f"
  dependencies:
    string-width "^2.0.0"

ansi-regex@^3.0.0:
  version "3.0.0"
  resolved "https://npm.bank.swissquote.ch/repository/npm/ansi-regex/-/ansi-regex-3.0.0.tgz#ed0317c322064f79466c02966bddb605ab37d998"

ansi-styles@^3.2.1:
  version "3.2.1"
  resolved "https://npm.bank.swissquote.ch/repository/npm/ansi-styles/-/ansi-styles-3.2.1.tgz#41fbb20243e50b12be0f04b8dedbf07520ce841d"
  dependencies:
    color-convert "^1.9.0"

aphrodite@^1.2.5:
  version "1.2.5"
  resolved "https://npm.bank.swissquote.ch/repository/npm/aphrodite/-/aphrodite-1.2.5.tgz#8358c36c80bb03aee9b97165aaa70186225b4983"
  dependencies:
    asap "^2.0.3"
    inline-style-prefixer "^3.0.1"
    string-hash "^1.1.3"

arch@^2.1.0:
  version "2.1.1"
  resolved "https://npm.bank.swissquote.ch/repository/npm/arch/-/arch-2.1.1.tgz#8f5c2731aa35a30929221bb0640eed65175ec84e"

arg@2.0.0:
  version "2.0.0"
  resolved "https://npm.bank.swissquote.ch/repository/npm/arg/-/arg-2.0.0.tgz#c06e7ff69ab05b3a4a03ebe0407fac4cba657545"

array-flatten@^2.1.1:
  version "2.1.1"
  resolved "https://npm.bank.swissquote.ch/repository/npm/array-flatten/-/array-flatten-2.1.1.tgz#426bb9da84090c1838d812c8150af20a8331e296"

array.prototype.find@^2.0.4:
  version "2.0.4"
  resolved "https://npm.bank.swissquote.ch/repository/npm/array.prototype.find/-/array.prototype.find-2.0.4.tgz#556a5c5362c08648323ddaeb9de9d14bc1864c90"
  dependencies:
    define-properties "^1.1.2"
    es-abstract "^1.7.0"

asap@^2.0.3, asap@~2.0.3:
  version "2.0.6"
  resolved "https://npm.bank.swissquote.ch/repository/npm/asap/-/asap-2.0.6.tgz#e50347611d7e690943208bbdafebcbc2fb866d46"

balanced-match@^1.0.0:
  version "1.0.0"
  resolved "https://npm.bank.swissquote.ch/repository/npm/balanced-match/-/balanced-match-1.0.0.tgz#89b4d199ab2bee49de164ea02b89ce462d71b767"

bowser@^1.7.3:
  version "1.9.4"
  resolved "https://npm.bank.swissquote.ch/repository/npm/bowser/-/bowser-1.9.4.tgz#890c58a2813a9d3243704334fa81b96a5c150c9a"

boxen@1.3.0:
  version "1.3.0"
  resolved "https://npm.bank.swissquote.ch/repository/npm/boxen/-/boxen-1.3.0.tgz#55c6c39a8ba58d9c61ad22cd877532deb665a20b"
  dependencies:
    ansi-align "^2.0.0"
    camelcase "^4.0.0"
    chalk "^2.0.1"
    cli-boxes "^1.0.0"
    string-width "^2.0.0"
    term-size "^1.2.0"
    widest-line "^2.0.0"

brace-expansion@^1.1.7:
  version "1.1.11"
  resolved "https://npm.bank.swissquote.ch/repository/npm/brace-expansion/-/brace-expansion-1.1.11.tgz#3c7fcbf529d87226f3d2f52b966ff5271eb441dd"
  dependencies:
    balanced-match "^1.0.0"
    concat-map "0.0.1"

bytes@3.0.0:
  version "3.0.0"
  resolved "https://npm.bank.swissquote.ch/repository/npm/bytes/-/bytes-3.0.0.tgz#d32815404d689699f85a4ea4fa8755dd13a96048"

camelcase@^4.0.0:
  version "4.1.0"
  resolved "https://npm.bank.swissquote.ch/repository/npm/camelcase/-/camelcase-4.1.0.tgz#d545635be1e33c542649c69173e5de6acfae34dd"

chalk@2.4.1, chalk@^2.0.1:
  version "2.4.1"
  resolved "https://npm.bank.swissquote.ch/repository/npm/chalk/-/chalk-2.4.1.tgz#18c49ab16a037b6eb0152cc83e3471338215b66e"
  dependencies:
    ansi-styles "^3.2.1"
    escape-string-regexp "^1.0.5"
    supports-color "^5.3.0"

cli-boxes@^1.0.0:
  version "1.0.0"
  resolved "https://npm.bank.swissquote.ch/repository/npm/cli-boxes/-/cli-boxes-1.0.0.tgz#4fa917c3e59c94a004cd61f8ee509da651687143"

clipboardy@1.2.3:
  version "1.2.3"
  resolved "https://npm.bank.swissquote.ch/repository/npm/clipboardy/-/clipboardy-1.2.3.tgz#0526361bf78724c1f20be248d428e365433c07ef"
  dependencies:
    arch "^2.1.0"
    execa "^0.8.0"

color-convert@^1.9.0:
  version "1.9.3"
  resolved "https://npm.bank.swissquote.ch/repository/npm/color-convert/-/color-convert-1.9.3.tgz#bb71850690e1f136567de629d2d5471deda4c1e8"
  dependencies:
    color-name "1.1.3"

color-name@1.1.3:
  version "1.1.3"
  resolved "https://npm.bank.swissquote.ch/repository/npm/color-name/-/color-name-1.1.3.tgz#a7d0558bd89c42f795dd42328f740831ca53bc25"

concat-map@0.0.1:
  version "0.0.1"
  resolved "https://npm.bank.swissquote.ch/repository/npm/concat-map/-/concat-map-0.0.1.tgz#d8a96bd77fd68df7793a73036a3ba0d5405d477b"

consolidated-events@^1.1.0:
  version "1.1.1"
  resolved "https://npm.bank.swissquote.ch/repository/npm/consolidated-events/-/consolidated-events-1.1.1.tgz#25395465b35e531395418b7bbecb5ecaf198d179"

content-disposition@0.5.2:
  version "0.5.2"
  resolved "https://npm.bank.swissquote.ch/repository/npm/content-disposition/-/content-disposition-0.5.2.tgz#0cf68bb9ddf5f2be7961c3a85178cb85dba78cb4"

core-js@^1.0.0:
  version "1.2.7"
  resolved "https://npm.bank.swissquote.ch/repository/npm/core-js/-/core-js-1.2.7.tgz#652294c14651db28fa93bd2d5ff2983a4f08c636"

cross-spawn@^5.0.1:
  version "5.1.0"
  resolved "https://npm.bank.swissquote.ch/repository/npm/cross-spawn/-/cross-spawn-5.1.0.tgz#e8bd0efee58fcff6f8f94510a0a554bbfa235449"
  dependencies:
    lru-cache "^4.0.1"
    shebang-command "^1.2.0"
    which "^1.2.9"

css-in-js-utils@^2.0.0:
  version "2.0.1"
  resolved "https://npm.bank.swissquote.ch/repository/npm/css-in-js-utils/-/css-in-js-utils-2.0.1.tgz#3b472b398787291b47cfe3e44fecfdd9e914ba99"
  dependencies:
    hyphenate-style-name "^1.0.2"
    isobject "^3.0.1"

csstype@^2.2.0:
  version "2.5.6"
  resolved "https://npm.bank.swissquote.ch/repository/npm/csstype/-/csstype-2.5.6.tgz#2ae1db2319642d8b80a668d2d025c6196071e788"

deep-extend@^0.6.0:
  version "0.6.0"
  resolved "https://npm.bank.swissquote.ch/repository/npm/deep-extend/-/deep-extend-0.6.0.tgz#c4fa7c95404a17a9c3e8ca7e1537312b736330ac"

deepmerge@^1.5.2:
  version "1.5.2"
  resolved "https://npm.bank.swissquote.ch/repository/npm/deepmerge/-/deepmerge-1.5.2.tgz#10499d868844cdad4fee0842df8c7f6f0c95a753"

define-properties@^1.1.2:
  version "1.1.3"
  resolved "https://npm.bank.swissquote.ch/repository/npm/define-properties/-/define-properties-1.1.3.tgz#cf88da6cbee26fe6db7094f61d870cbd84cee9f1"
  dependencies:
    object-keys "^1.0.12"

encoding@^0.1.11:
  version "0.1.12"
  resolved "https://npm.bank.swissquote.ch/repository/npm/encoding/-/encoding-0.1.12.tgz#538b66f3ee62cd1ab51ec323829d1f9480c74beb"
  dependencies:
    iconv-lite "~0.4.13"

es-abstract@^1.6.1, es-abstract@^1.7.0:
  version "1.12.0"
  resolved "https://npm.bank.swissquote.ch/repository/npm/es-abstract/-/es-abstract-1.12.0.tgz#9dbbdd27c6856f0001421ca18782d786bf8a6165"
  dependencies:
    es-to-primitive "^1.1.1"
    function-bind "^1.1.1"
    has "^1.0.1"
    is-callable "^1.1.3"
    is-regex "^1.0.4"

es-to-primitive@^1.1.1:
  version "1.1.1"
  resolved "https://npm.bank.swissquote.ch/repository/npm/es-to-primitive/-/es-to-primitive-1.1.1.tgz#45355248a88979034b6792e19bb81f2b7975dd0d"
  dependencies:
    is-callable "^1.1.1"
    is-date-object "^1.0.1"
    is-symbol "^1.0.1"

escape-string-regexp@^1.0.5:
  version "1.0.5"
  resolved "https://npm.bank.swissquote.ch/repository/npm/escape-string-regexp/-/escape-string-regexp-1.0.5.tgz#1b61c0562190a8dff6ae3bb2cf0200ca130b86d4"

execa@^0.7.0:
  version "0.7.0"
  resolved "https://npm.bank.swissquote.ch/repository/npm/execa/-/execa-0.7.0.tgz#944becd34cc41ee32a63a9faf27ad5a65fc59777"
  dependencies:
    cross-spawn "^5.0.1"
    get-stream "^3.0.0"
    is-stream "^1.1.0"
    npm-run-path "^2.0.0"
    p-finally "^1.0.0"
    signal-exit "^3.0.0"
    strip-eof "^1.0.0"

execa@^0.8.0:
  version "0.8.0"
  resolved "https://npm.bank.swissquote.ch/repository/npm/execa/-/execa-0.8.0.tgz#d8d76bbc1b55217ed190fd6dd49d3c774ecfc8da"
  dependencies:
    cross-spawn "^5.0.1"
    get-stream "^3.0.0"
    is-stream "^1.1.0"
    npm-run-path "^2.0.0"
    p-finally "^1.0.0"
    signal-exit "^3.0.0"
    strip-eof "^1.0.0"

fast-deep-equal@^2.0.1:
  version "2.0.1"
  resolved "https://npm.bank.swissquote.ch/repository/npm/fast-deep-equal/-/fast-deep-equal-2.0.1.tgz#7b05218ddf9667bf7f370bf7fdb2cb15fdd0aa49"

fast-json-stable-stringify@^2.0.0:
  version "2.0.0"
  resolved "https://npm.bank.swissquote.ch/repository/npm/fast-json-stable-stringify/-/fast-json-stable-stringify-2.0.0.tgz#d5142c0caee6b1189f87d3a76111064f86c8bbf2"

fast-url-parser@1.1.3:
  version "1.1.3"
  resolved "https://npm.bank.swissquote.ch/repository/npm/fast-url-parser/-/fast-url-parser-1.1.3.tgz#f4af3ea9f34d8a271cf58ad2b3759f431f0b318d"
  dependencies:
    punycode "^1.3.2"

fbjs@^0.8.4:
  version "0.8.17"
  resolved "https://npm.bank.swissquote.ch/repository/npm/fbjs/-/fbjs-0.8.17.tgz#c4d598ead6949112653d6588b01a5cdcd9f90fdd"
  dependencies:
    core-js "^1.0.0"
    isomorphic-fetch "^2.1.1"
    loose-envify "^1.0.0"
    object-assign "^4.1.0"
    promise "^7.1.1"
    setimmediate "^1.0.5"
    ua-parser-js "^0.7.18"

function-bind@^1.1.0, function-bind@^1.1.1:
  version "1.1.1"
  resolved "https://npm.bank.swissquote.ch/repository/npm/function-bind/-/function-bind-1.1.1.tgz#a56899d3ea3c9bab874bb9773b7c5ede92f4895d"

function.prototype.name@^1.1.0:
  version "1.1.0"
  resolved "https://npm.bank.swissquote.ch/repository/npm/function.prototype.name/-/function.prototype.name-1.1.0.tgz#8bd763cc0af860a859cc5d49384d74b932cd2327"
  dependencies:
    define-properties "^1.1.2"
    function-bind "^1.1.1"
    is-callable "^1.1.3"

get-stream@^3.0.0:
  version "3.0.0"
  resolved "https://npm.bank.swissquote.ch/repository/npm/get-stream/-/get-stream-3.0.0.tgz#8e943d1358dc37555054ecbe2edb05aa174ede14"

glob-slash@1.0.0:
  version "1.0.0"
  resolved "https://npm.bank.swissquote.ch/repository/npm/glob-slash/-/glob-slash-1.0.0.tgz#fe52efa433233f74a2fe64c7abb9bc848202ab95"

global-cache@^1.2.1:
  version "1.2.1"
  resolved "https://npm.bank.swissquote.ch/repository/npm/global-cache/-/global-cache-1.2.1.tgz#39ca020d3dd7b3f0934c52b75363f8d53312c16d"
  dependencies:
    define-properties "^1.1.2"
    is-symbol "^1.0.1"

has-flag@^3.0.0:
  version "3.0.0"
  resolved "https://npm.bank.swissquote.ch/repository/npm/has-flag/-/has-flag-3.0.0.tgz#b5d454dc2199ae225699f3467e5a07f3b955bafd"

has-symbols@^1.0.0:
  version "1.0.0"
  resolved "https://npm.bank.swissquote.ch/repository/npm/has-symbols/-/has-symbols-1.0.0.tgz#ba1a8f1af2a0fc39650f5c850367704122063b44"

has@^1.0.1, has@^1.0.3:
  version "1.0.3"
  resolved "https://npm.bank.swissquote.ch/repository/npm/has/-/has-1.0.3.tgz#722d7cbfc1f6aa8241f16dd814e011e1f41e8796"
  dependencies:
    function-bind "^1.1.1"

hoist-non-react-statics@^2.3.1:
  version "2.5.5"
  resolved "https://npm.bank.swissquote.ch/repository/npm/hoist-non-react-statics/-/hoist-non-react-statics-2.5.5.tgz#c5903cf409c0dfd908f388e619d86b9c1174cb47"

hyphenate-style-name@^1.0.2:
  version "1.0.2"
  resolved "https://npm.bank.swissquote.ch/repository/npm/hyphenate-style-name/-/hyphenate-style-name-1.0.2.tgz#31160a36930adaf1fc04c6074f7eb41465d4ec4b"

iconv-lite@~0.4.13:
  version "0.4.24"
  resolved "https://npm.bank.swissquote.ch/repository/npm/iconv-lite/-/iconv-lite-0.4.24.tgz#2022b4b25fbddc21d2f524974a474aafe733908b"
  dependencies:
    safer-buffer ">= 2.1.2 < 3"

ini@~1.3.0:
  version "1.3.5"
  resolved "https://npm.bank.swissquote.ch/repository/npm/ini/-/ini-1.3.5.tgz#eee25f56db1c9ec6085e0c22778083f596abf927"

inline-style-prefixer@^3.0.1:
  version "3.0.8"
  resolved "https://npm.bank.swissquote.ch/repository/npm/inline-style-prefixer/-/inline-style-prefixer-3.0.8.tgz#8551b8e5b4d573244e66a34b04f7d32076a2b534"
  dependencies:
    bowser "^1.7.3"
    css-in-js-utils "^2.0.0"

is-callable@^1.1.1, is-callable@^1.1.3:
  version "1.1.4"
  resolved "https://npm.bank.swissquote.ch/repository/npm/is-callable/-/is-callable-1.1.4.tgz#1e1adf219e1eeb684d691f9d6a05ff0d30a24d75"

is-date-object@^1.0.1:
  version "1.0.1"
  resolved "https://npm.bank.swissquote.ch/repository/npm/is-date-object/-/is-date-object-1.0.1.tgz#9aa20eb6aeebbff77fbd33e74ca01b33581d3a16"

is-fullwidth-code-point@^2.0.0:
  version "2.0.0"
  resolved "https://npm.bank.swissquote.ch/repository/npm/is-fullwidth-code-point/-/is-fullwidth-code-point-2.0.0.tgz#a3b30a5c4f199183167aaab93beefae3ddfb654f"

is-regex@^1.0.4:
  version "1.0.4"
  resolved "https://npm.bank.swissquote.ch/repository/npm/is-regex/-/is-regex-1.0.4.tgz#5517489b547091b0930e095654ced25ee97e9491"
  dependencies:
    has "^1.0.1"

is-stream@^1.0.1, is-stream@^1.1.0:
  version "1.1.0"
  resolved "https://npm.bank.swissquote.ch/repository/npm/is-stream/-/is-stream-1.1.0.tgz#12d4a3dd4e68e0b79ceb8dbc84173ae80d91ca44"

is-symbol@^1.0.1:
  version "1.0.1"
  resolved "https://npm.bank.swissquote.ch/repository/npm/is-symbol/-/is-symbol-1.0.1.tgz#3cc59f00025194b6ab2e38dbae6689256b660572"

is-touch-device@^1.0.1:
  version "1.0.1"
  resolved "https://npm.bank.swissquote.ch/repository/npm/is-touch-device/-/is-touch-device-1.0.1.tgz#9a2fd59f689e9a9bf6ae9a86924c4ba805a42eab"

isexe@^2.0.0:
  version "2.0.0"
  resolved "https://npm.bank.swissquote.ch/repository/npm/isexe/-/isexe-2.0.0.tgz#e8fbf374dc556ff8947a10dcb0572d633f2cfa10"

isobject@^3.0.1:
  version "3.0.1"
  resolved "https://npm.bank.swissquote.ch/repository/npm/isobject/-/isobject-3.0.1.tgz#4e431e92b11a9731636aa1f9c8d1ccbcfdab78df"

isomorphic-fetch@^2.1.1:
  version "2.2.1"
  resolved "https://npm.bank.swissquote.ch/repository/npm/isomorphic-fetch/-/isomorphic-fetch-2.2.1.tgz#611ae1acf14f5e81f729507472819fe9733558a9"
  dependencies:
    node-fetch "^1.0.1"
    whatwg-fetch ">=0.10.0"

"js-tokens@^3.0.0 || ^4.0.0":
  version "4.0.0"
  resolved "https://npm.bank.swissquote.ch/repository/npm/js-tokens/-/js-tokens-4.0.0.tgz#19203fb59991df98e3a287050d4647cdeaf32499"

json-schema-traverse@^0.4.1:
  version "0.4.1"
  resolved "https://npm.bank.swissquote.ch/repository/npm/json-schema-traverse/-/json-schema-traverse-0.4.1.tgz#69f6a87d9513ab8bb8fe63bdb0979c448e684660"

lodash@^4.1.1:
  version "4.17.10"
  resolved "https://npm.bank.swissquote.ch/repository/npm/lodash/-/lodash-4.17.10.tgz#1b7793cf7259ea38fb3661d4d38b3260af8ae4e7"

loose-envify@^1.0.0, loose-envify@^1.1.0, loose-envify@^1.3.1:
  version "1.4.0"
  resolved "https://npm.bank.swissquote.ch/repository/npm/loose-envify/-/loose-envify-1.4.0.tgz#71ee51fa7be4caec1a63839f7e682d8132d30caf"
  dependencies:
    js-tokens "^3.0.0 || ^4.0.0"

lru-cache@^4.0.1:
  version "4.1.3"
  resolved "https://npm.bank.swissquote.ch/repository/npm/lru-cache/-/lru-cache-4.1.3.tgz#a1175cf3496dfc8436c156c334b4955992bce69c"
  dependencies:
    pseudomap "^1.0.2"
    yallist "^2.1.2"

mime-db@~1.33.0:
  version "1.33.0"
  resolved "https://npm.bank.swissquote.ch/repository/npm/mime-db/-/mime-db-1.33.0.tgz#a3492050a5cb9b63450541e39d9788d2272783db"

mime-types@2.1.18:
  version "2.1.18"
  resolved "https://npm.bank.swissquote.ch/repository/npm/mime-types/-/mime-types-2.1.18.tgz#6f323f60a83d11146f831ff11fd66e2fe5503bb8"
  dependencies:
    mime-db "~1.33.0"

minimatch@3.0.4:
  version "3.0.4"
  resolved "https://npm.bank.swissquote.ch/repository/npm/minimatch/-/minimatch-3.0.4.tgz#5166e286457f03306064be5497e8dbb0c3d32083"
  dependencies:
    brace-expansion "^1.1.7"

minimist@^1.2.0:
  version "1.2.0"
  resolved "https://npm.bank.swissquote.ch/repository/npm/minimist/-/minimist-1.2.0.tgz#a35008b20f41383eec1fb914f4cd5df79a264284"

moment@>=1.6.0, moment@^2.19.1:
  version "2.22.2"
  resolved "https://npm.bank.swissquote.ch/repository/npm/moment/-/moment-2.22.2.tgz#3c257f9839fc0e93ff53149632239eb90783ff66"

node-fetch@^1.0.1:
  version "1.7.3"
  resolved "https://npm.bank.swissquote.ch/repository/npm/node-fetch/-/node-fetch-1.7.3.tgz#980f6f72d85211a5347c6b2bc18c5b84c3eb47ef"
  dependencies:
    encoding "^0.1.11"
    is-stream "^1.0.1"

npm-run-path@^2.0.0:
  version "2.0.2"
  resolved "https://npm.bank.swissquote.ch/repository/npm/npm-run-path/-/npm-run-path-2.0.2.tgz#35a9232dfa35d7067b4cb2ddf2357b1871536c5f"
  dependencies:
    path-key "^2.0.0"

object-assign@^4.1.0, object-assign@^4.1.1:
  version "4.1.1"
  resolved "https://npm.bank.swissquote.ch/repository/npm/object-assign/-/object-assign-4.1.1.tgz#2109adc7965887cfc05cbbd442cac8bfbb360863"

object-is@^1.0.1:
  version "1.0.1"
  resolved "https://npm.bank.swissquote.ch/repository/npm/object-is/-/object-is-1.0.1.tgz#0aa60ec9989a0b3ed795cf4d06f62cf1ad6539b6"

object-keys@^1.0.11, object-keys@^1.0.12:
  version "1.0.12"
  resolved "https://npm.bank.swissquote.ch/repository/npm/object-keys/-/object-keys-1.0.12.tgz#09c53855377575310cca62f55bb334abff7b3ed2"

object.assign@^4.0.4, object.assign@^4.1.0:
  version "4.1.0"
  resolved "https://npm.bank.swissquote.ch/repository/npm/object.assign/-/object.assign-4.1.0.tgz#968bf1100d7956bb3ca086f006f846b3bc4008da"
  dependencies:
    define-properties "^1.1.2"
    function-bind "^1.1.1"
    has-symbols "^1.0.0"
    object-keys "^1.0.11"

object.entries@^1.0.4:
  version "1.0.4"
  resolved "https://npm.bank.swissquote.ch/repository/npm/object.entries/-/object.entries-1.0.4.tgz#1bf9a4dd2288f5b33f3a993d257661f05d161a5f"
  dependencies:
    define-properties "^1.1.2"
    es-abstract "^1.6.1"
    function-bind "^1.1.0"
    has "^1.0.1"

object.values@^1.0.4:
  version "1.0.4"
  resolved "https://npm.bank.swissquote.ch/repository/npm/object.values/-/object.values-1.0.4.tgz#e524da09b4f66ff05df457546ec72ac99f13069a"
  dependencies:
    define-properties "^1.1.2"
    es-abstract "^1.6.1"
    function-bind "^1.1.0"
    has "^1.0.1"

p-finally@^1.0.0:
  version "1.0.0"
  resolved "https://npm.bank.swissquote.ch/repository/npm/p-finally/-/p-finally-1.0.0.tgz#3fbcfb15b899a44123b34b6dcc18b724336a2cae"

path-is-inside@1.0.2:
  version "1.0.2"
  resolved "https://npm.bank.swissquote.ch/repository/npm/path-is-inside/-/path-is-inside-1.0.2.tgz#365417dede44430d1c11af61027facf074bdfc53"

path-key@^2.0.0:
  version "2.0.1"
  resolved "https://npm.bank.swissquote.ch/repository/npm/path-key/-/path-key-2.0.1.tgz#411cadb574c5a140d3a4b1910d40d80cc9f40b40"

path-to-regexp@2.2.1:
  version "2.2.1"
  resolved "https://npm.bank.swissquote.ch/repository/npm/path-to-regexp/-/path-to-regexp-2.2.1.tgz#90b617025a16381a879bc82a38d4e8bdeb2bcf45"

promise@^7.1.1:
  version "7.3.1"
  resolved "https://npm.bank.swissquote.ch/repository/npm/promise/-/promise-7.3.1.tgz#064b72602b18f90f29192b8b1bc418ffd1ebd3bf"
  dependencies:
    asap "~2.0.3"

prop-types-exact@^1.2.0:
  version "1.2.0"
  resolved "https://npm.bank.swissquote.ch/repository/npm/prop-types-exact/-/prop-types-exact-1.2.0.tgz#825d6be46094663848237e3925a98c6e944e9869"
  dependencies:
    has "^1.0.3"
    object.assign "^4.1.0"
    reflect.ownkeys "^0.2.0"

prop-types@^15.5.0, prop-types@^15.5.10, prop-types@^15.5.8, prop-types@^15.6.0, prop-types@^15.6.2:
  version "15.6.2"
  resolved "https://npm.bank.swissquote.ch/repository/npm/prop-types/-/prop-types-15.6.2.tgz#05d5ca77b4453e985d60fc7ff8c859094a497102"
  dependencies:
    loose-envify "^1.3.1"
    object-assign "^4.1.1"

pseudomap@^1.0.2:
  version "1.0.2"
  resolved "https://npm.bank.swissquote.ch/repository/npm/pseudomap/-/pseudomap-1.0.2.tgz#f052a28da70e618917ef0a8ac34c1ae5a68286b3"

punycode@^1.3.2:
  version "1.4.1"
  resolved "https://npm.bank.swissquote.ch/repository/npm/punycode/-/punycode-1.4.1.tgz#c0d5a63b2718800ad8e1eb0fa5269c84dd41845e"

punycode@^2.1.0:
  version "2.1.1"
  resolved "https://npm.bank.swissquote.ch/repository/npm/punycode/-/punycode-2.1.1.tgz#b58b010ac40c22c5657616c8d2c2c02c7bf479ec"

range-parser@1.2.0:
  version "1.2.0"
  resolved "https://npm.bank.swissquote.ch/repository/npm/range-parser/-/range-parser-1.2.0.tgz#f49be6b487894ddc40dcc94a322f611092e00d5e"

rc@^1.0.1, rc@^1.1.6:
  version "1.2.8"
  resolved "https://npm.bank.swissquote.ch/repository/npm/rc/-/rc-1.2.8.tgz#cd924bf5200a075b83c188cd6b9e211b7fc0d3ed"
  dependencies:
    deep-extend "^0.6.0"
    ini "~1.3.0"
    minimist "^1.2.0"
    strip-json-comments "~2.0.1"

react-addons-shallow-compare@^15.5.2, react-addons-shallow-compare@^15.6.2:
  version "15.6.2"
  resolved "https://npm.bank.swissquote.ch/repository/npm/react-addons-shallow-compare/-/react-addons-shallow-compare-15.6.2.tgz#198a00b91fc37623db64a28fd17b596ba362702f"
  dependencies:
    fbjs "^0.8.4"
    object-assign "^4.1.0"

react-dates@^15.0.0:
  version "15.5.3"
  resolved "https://npm.bank.swissquote.ch/repository/npm/react-dates/-/react-dates-15.5.3.tgz#e0d40b8c029bec3efb916c5b64c1b5272f40bcb6"
  dependencies:
    airbnb-prop-types "^2.8.1"
    consolidated-events "^1.1.0"
    is-touch-device "^1.0.1"
    lodash "^4.1.1"
    object.assign "^4.0.4"
    object.values "^1.0.4"
    prop-types "^15.5.10"
    react-addons-shallow-compare "^15.5.2"
    react-moment-proptypes "^1.5.0"
    react-portal "^4.1.0"
    react-with-styles "=2.2.0"
    react-with-styles-interface-css "^3.0.0"

react-dom@^16.0.0:
  version "16.5.0"
  resolved "https://npm.bank.swissquote.ch/repository/npm/react-dom/-/react-dom-16.5.0.tgz#57704e5718669374b182a17ea79a6d24922cb27d"
  dependencies:
    loose-envify "^1.1.0"
    object-assign "^4.1.1"
    prop-types "^15.6.2"
    schedule "^0.3.0"

react-loadable@^5.3.1:
  version "5.5.0"
  resolved "https://npm.bank.swissquote.ch/repository/npm/react-loadable/-/react-loadable-5.5.0.tgz#582251679d3da86c32aae2c8e689c59f1196d8c4"
  dependencies:
    prop-types "^15.5.0"

react-moment-proptypes@^1.5.0:
  version "1.6.0"
  resolved "https://npm.bank.swissquote.ch/repository/npm/react-moment-proptypes/-/react-moment-proptypes-1.6.0.tgz#8ec266ee392a08ba3412d2df2eebf833ab1046df"
  dependencies:
    moment ">=1.6.0"

react-portal@^4.1.0:
  version "4.1.5"
  resolved "https://npm.bank.swissquote.ch/repository/npm/react-portal/-/react-portal-4.1.5.tgz#6665d4d2a92d47d6f8b07a6529e26fc52d5cccde"
  dependencies:
    prop-types "^15.5.8"

react-with-styles-interface-css@^3.0.0:
  version "3.0.0"
  resolved "https://npm.bank.swissquote.ch/repository/npm/react-with-styles-interface-css/-/react-with-styles-interface-css-3.0.0.tgz#ebb000c23f75567f25af6792ab7a29089d798fda"
  dependencies:
    aphrodite "^1.2.5"
    array-flatten "^2.1.1"
    global-cache "^1.2.1"

react-with-styles@=2.2.0:
  version "2.2.0"
  resolved "https://npm.bank.swissquote.ch/repository/npm/react-with-styles/-/react-with-styles-2.2.0.tgz#c85352d9e5951824b259bf9fad11dbcf74a15571"
  dependencies:
    deepmerge "^1.5.2"
    global-cache "^1.2.1"
    hoist-non-react-statics "^2.3.1"
    prop-types "^15.6.0"

react@^16.0.0:
  version "16.5.0"
  resolved "https://npm.bank.swissquote.ch/repository/npm/react/-/react-16.5.0.tgz#f2c1e754bf9751a549d9c6d9aca41905beb56575"
  dependencies:
    loose-envify "^1.1.0"
    object-assign "^4.1.1"
    prop-types "^15.6.2"
    schedule "^0.3.0"

reflect.ownkeys@^0.2.0:
  version "0.2.0"
  resolved "https://npm.bank.swissquote.ch/repository/npm/reflect.ownkeys/-/reflect.ownkeys-0.2.0.tgz#749aceec7f3fdf8b63f927a04809e90c5c0b3460"

registry-auth-token@3.3.2:
  version "3.3.2"
  resolved "https://npm.bank.swissquote.ch/repository/npm/registry-auth-token/-/registry-auth-token-3.3.2.tgz#851fd49038eecb586911115af845260eec983f20"
  dependencies:
    rc "^1.1.6"
    safe-buffer "^5.0.1"

registry-url@3.1.0:
  version "3.1.0"
  resolved "https://npm.bank.swissquote.ch/repository/npm/registry-url/-/registry-url-3.1.0.tgz#3d4ef870f73dde1d77f0cf9a381432444e174942"
  dependencies:
    rc "^1.0.1"

safe-buffer@^5.0.1:
  version "5.1.2"
  resolved "https://npm.bank.swissquote.ch/repository/npm/safe-buffer/-/safe-buffer-5.1.2.tgz#991ec69d296e0313747d59bdfd2b745c35f8828d"

"safer-buffer@>= 2.1.2 < 3":
  version "2.1.2"
  resolved "https://npm.bank.swissquote.ch/repository/npm/safer-buffer/-/safer-buffer-2.1.2.tgz#44fa161b0187b9549dd84bb91802f9bd8385cd6a"

schedule@^0.3.0:
  version "0.3.0"
  resolved "https://npm.bank.swissquote.ch/repository/npm/schedule/-/schedule-0.3.0.tgz#1be2ab2fc2e768536269ce7326efb478d6c045e8"
  dependencies:
    object-assign "^4.1.1"

serve-handler@5.0.0:
  version "5.0.0"
  resolved "https://npm.bank.swissquote.ch/repository/npm/serve-handler/-/serve-handler-5.0.0.tgz#96d6cb86b5be52ada878287696b23174c7902e95"
  dependencies:
    bytes "3.0.0"
    content-disposition "0.5.2"
    fast-url-parser "1.1.3"
    glob-slash "1.0.0"
    mime-types "2.1.18"
    minimatch "3.0.4"
    path-is-inside "1.0.2"
    path-to-regexp "2.2.1"
    range-parser "1.2.0"

serve@^10.0.0:
  version "10.0.0"
  resolved "https://npm.bank.swissquote.ch/repository/npm/serve/-/serve-10.0.0.tgz#4d640167c88f07f1f730a52bb992e94d2e4a174c"
  dependencies:
    "@zeit/schemas" "2.1.1"
    ajv "6.5.3"
    arg "2.0.0"
    boxen "1.3.0"
    chalk "2.4.1"
    clipboardy "1.2.3"
    serve-handler "5.0.0"
    update-check "1.5.2"

setimmediate@^1.0.5:
  version "1.0.5"
  resolved "https://npm.bank.swissquote.ch/repository/npm/setimmediate/-/setimmediate-1.0.5.tgz#290cbb232e306942d7d7ea9b83732ab7856f8285"

shebang-command@^1.2.0:
  version "1.2.0"
  resolved "https://npm.bank.swissquote.ch/repository/npm/shebang-command/-/shebang-command-1.2.0.tgz#44aac65b695b03398968c39f363fee5deafdf1ea"
  dependencies:
    shebang-regex "^1.0.0"

shebang-regex@^1.0.0:
  version "1.0.0"
  resolved "https://npm.bank.swissquote.ch/repository/npm/shebang-regex/-/shebang-regex-1.0.0.tgz#da42f49740c0b42db2ca9728571cb190c98efea3"

signal-exit@^3.0.0:
  version "3.0.2"
  resolved "https://npm.bank.swissquote.ch/repository/npm/signal-exit/-/signal-exit-3.0.2.tgz#b5fdc08f1287ea1178628e415e25132b73646c6d"

string-hash@^1.1.3:
  version "1.1.3"
  resolved "https://npm.bank.swissquote.ch/repository/npm/string-hash/-/string-hash-1.1.3.tgz#e8aafc0ac1855b4666929ed7dd1275df5d6c811b"

string-width@^2.0.0, string-width@^2.1.1:
  version "2.1.1"
  resolved "https://npm.bank.swissquote.ch/repository/npm/string-width/-/string-width-2.1.1.tgz#ab93f27a8dc13d28cac815c462143a6d9012ae9e"
  dependencies:
    is-fullwidth-code-point "^2.0.0"
    strip-ansi "^4.0.0"

strip-ansi@^4.0.0:
  version "4.0.0"
  resolved "https://npm.bank.swissquote.ch/repository/npm/strip-ansi/-/strip-ansi-4.0.0.tgz#a8479022eb1ac368a871389b635262c505ee368f"
  dependencies:
    ansi-regex "^3.0.0"

strip-eof@^1.0.0:
  version "1.0.0"
  resolved "https://npm.bank.swissquote.ch/repository/npm/strip-eof/-/strip-eof-1.0.0.tgz#bb43ff5598a6eb05d89b59fcd129c983313606bf"

strip-json-comments@~2.0.1:
  version "2.0.1"
  resolved "https://npm.bank.swissquote.ch/repository/npm/strip-json-comments/-/strip-json-comments-2.0.1.tgz#3c531942e908c2697c0ec344858c286c7ca0a60a"

supports-color@^5.3.0:
  version "5.5.0"
  resolved "https://npm.bank.swissquote.ch/repository/npm/supports-color/-/supports-color-5.5.0.tgz#e2e69a44ac8772f78a1ec0b35b689df6530efc8f"
  dependencies:
    has-flag "^3.0.0"

term-size@^1.2.0:
  version "1.2.0"
  resolved "https://npm.bank.swissquote.ch/repository/npm/term-size/-/term-size-1.2.0.tgz#458b83887f288fc56d6fffbfad262e26638efa69"
  dependencies:
    execa "^0.7.0"

ua-parser-js@^0.7.18:
  version "0.7.18"
  resolved "https://npm.bank.swissquote.ch/repository/npm/ua-parser-js/-/ua-parser-js-0.7.18.tgz#a7bfd92f56edfb117083b69e31d2aa8882d4b1ed"

update-check@1.5.2:
  version "1.5.2"
  resolved "https://npm.bank.swissquote.ch/repository/npm/update-check/-/update-check-1.5.2.tgz#2fe09f725c543440b3d7dabe8971f2d5caaedc28"
  dependencies:
    registry-auth-token "3.3.2"
    registry-url "3.1.0"

uri-js@^4.2.2:
  version "4.2.2"
  resolved "https://npm.bank.swissquote.ch/repository/npm/uri-js/-/uri-js-4.2.2.tgz#94c540e1ff772956e2299507c010aea6c8838eb0"
  dependencies:
    punycode "^2.1.0"

whatwg-fetch@>=0.10.0:
  version "3.0.0"
  resolved "https://npm.bank.swissquote.ch/repository/npm/whatwg-fetch/-/whatwg-fetch-3.0.0.tgz#fc804e458cc460009b1a2b966bc8817d2578aefb"

which@^1.2.9:
  version "1.3.1"
  resolved "https://npm.bank.swissquote.ch/repository/npm/which/-/which-1.3.1.tgz#a45043d54f5805316da8d62f9f50918d3da70b0a"
  dependencies:
    isexe "^2.0.0"

widest-line@^2.0.0:
  version "2.0.0"
  resolved "https://npm.bank.swissquote.ch/repository/npm/widest-line/-/widest-line-2.0.0.tgz#0142a4e8a243f8882c0233aa0e0281aa76152273"
  dependencies:
    string-width "^2.1.1"

yallist@^2.1.2:
  version "2.1.2"
  resolved "https://npm.bank.swissquote.ch/repository/npm/yallist/-/yallist-2.1.2.tgz#1c11f9218f076089a47dd512f93c6699a6a81d52"
